
Microsoft Visual Studio Solution File, Format Version 12.00
# Visual Studio Version 16
VisualStudioVersion = 16.0.29424.173
MinimumVisualStudioVersion = 10.0.40219.1
Project("{FAE04EC0-301F-11D3-BF4B-00C04F79EFBC}") = "PoolPuzzlePage675", "PoolPuzzlePage675\PoolPuzzlePage675.csproj", "{3C58D176-B756-44A1-8B2C-7675A6CE145B}"
EndProject
Global
	GlobalSection(SolutionConfigurationPlatforms) = preSolution
		Debug|Any CPU = Debug|Any CPU
		Release|Any CPU = Release|Any CPU
	EndGlobalSection
	GlobalSection(ProjectConfigurationPlatforms) = postSolution
		{3C58D176-B756-44A1-8B2C-7675A6CE145B}.Debug|Any CPU.ActiveCfg = Debug|Any CPU
		{3C58D176-B756-44A1-8B2C-7675A6CE145B}.Debug|Any CPU.Build.0 = Debug|Any CPU
		{3C58D176-B756-44A1-8B2C-7675A6CE145B}.Release|Any CPU.ActiveCfg = Release|Any CPU
		{3C58D176-B756-44A1-8B2C-7675A6CE145B}.Release|Any CPU.Build.0 = Release|Any CPU
	EndGlobalSection
	GlobalSection(SolutionProperties) = preSolution
		HideSolutionNode = FALSE
	EndGlobalSection
	GlobalSection(ExtensibilityGlobals) = postSolution
		SolutionGuid = {9632ABE5-7AE1-419A-8635-EC9DABCEF469}
	EndGlobalSection
EndGlobal
