
Microsoft Visual Studio Solution File, Format Version 12.00
# Visual Studio Version 16
VisualStudioVersion = 16.0.29306.81
MinimumVisualStudioVersion = 10.0.40219.1
Project("{FAE04EC0-301F-11D3-BF4B-00C04F79EFBC}") = "Chapter 2 - Program 4", "Chapter 2 - Program 4\Chapter 2 - Program 4.csproj", "{368EEA03-2B26-4F67-8F42-422F1E5B51B5}"
EndProject
Global
	GlobalSection(SolutionConfigurationPlatforms) = preSolution
		Debug|Any CPU = Debug|Any CPU
		Debug|x64 = Debug|x64
		Release|Any CPU = Release|Any CPU
		Release|x64 = Release|x64
	EndGlobalSection
	GlobalSection(ProjectConfigurationPlatforms) = postSolution
		{368EEA03-2B26-4F67-8F42-422F1E5B51B5}.Debug|Any CPU.ActiveCfg = Debug|Any CPU
		{368EEA03-2B26-4F67-8F42-422F1E5B51B5}.Debug|Any CPU.Build.0 = Debug|Any CPU
		{368EEA03-2B26-4F67-8F42-422F1E5B51B5}.Debug|x64.ActiveCfg = Debug|Any CPU
		{368EEA03-2B26-4F67-8F42-422F1E5B51B5}.Debug|x64.Build.0 = Debug|Any CPU
		{368EEA03-2B26-4F67-8F42-422F1E5B51B5}.Release|Any CPU.ActiveCfg = Release|Any CPU
		{368EEA03-2B26-4F67-8F42-422F1E5B51B5}.Release|Any CPU.Build.0 = Release|Any CPU
		{368EEA03-2B26-4F67-8F42-422F1E5B51B5}.Release|x64.ActiveCfg = Release|x64
		{368EEA03-2B26-4F67-8F42-422F1E5B51B5}.Release|x64.Build.0 = Release|x64
	EndGlobalSection
	GlobalSection(SolutionProperties) = preSolution
		HideSolutionNode = FALSE
	EndGlobalSection
	GlobalSection(ExtensibilityGlobals) = postSolution
		SolutionGuid = {2863AF7F-AA0A-4EC4-93A9-9FE558CD2C4C}
	EndGlobalSection
EndGlobal
