
Microsoft Visual Studio Solution File, Format Version 12.00
# Visual Studio Version 16
VisualStudioVersion = 16.0.29424.173
MinimumVisualStudioVersion = 10.0.40219.1
Project("{FAE04EC0-301F-11D3-BF4B-00C04F79EFBC}") = "HexDump", "HexDump\HexDump.csproj", "{AA29E2C0-A25F-4BB1-8409-FEFB47A49A1C}"
EndProject
Global
	GlobalSection(SolutionConfigurationPlatforms) = preSolution
		Debug|Any CPU = Debug|Any CPU
		Release|Any CPU = Release|Any CPU
	EndGlobalSection
	GlobalSection(ProjectConfigurationPlatforms) = postSolution
		{AA29E2C0-A25F-4BB1-8409-FEFB47A49A1C}.Debug|Any CPU.ActiveCfg = Debug|Any CPU
		{AA29E2C0-A25F-4BB1-8409-FEFB47A49A1C}.Debug|Any CPU.Build.0 = Debug|Any CPU
		{AA29E2C0-A25F-4BB1-8409-FEFB47A49A1C}.Release|Any CPU.ActiveCfg = Release|Any CPU
		{AA29E2C0-A25F-4BB1-8409-FEFB47A49A1C}.Release|Any CPU.Build.0 = Release|Any CPU
	EndGlobalSection
	GlobalSection(SolutionProperties) = preSolution
		HideSolutionNode = FALSE
	EndGlobalSection
	GlobalSection(ExtensibilityGlobals) = postSolution
		SolutionGuid = {F60F46B2-551D-44E7-99A2-D0C8F55AB3FF}
	EndGlobalSection
EndGlobal
