
Microsoft Visual Studio Solution File, Format Version 12.00
# Visual Studio Version 16
VisualStudioVersion = 16.0.29424.173
MinimumVisualStudioVersion = 10.0.40219.1
Project("{FAE04EC0-301F-11D3-BF4B-00C04F79EFBC}") = "Test", "Test\Test.csproj", "{4BC95177-D9AD-4198-B81A-DF94101018D4}"
EndProject
Global
	GlobalSection(SolutionConfigurationPlatforms) = preSolution
		Debug|Any CPU = Debug|Any CPU
		Release|Any CPU = Release|Any CPU
	EndGlobalSection
	GlobalSection(ProjectConfigurationPlatforms) = postSolution
		{4BC95177-D9AD-4198-B81A-DF94101018D4}.Debug|Any CPU.ActiveCfg = Debug|Any CPU
		{4BC95177-D9AD-4198-B81A-DF94101018D4}.Debug|Any CPU.Build.0 = Debug|Any CPU
		{4BC95177-D9AD-4198-B81A-DF94101018D4}.Release|Any CPU.ActiveCfg = Release|Any CPU
		{4BC95177-D9AD-4198-B81A-DF94101018D4}.Release|Any CPU.Build.0 = Release|Any CPU
	EndGlobalSection
	GlobalSection(SolutionProperties) = preSolution
		HideSolutionNode = FALSE
	EndGlobalSection
	GlobalSection(ExtensibilityGlobals) = postSolution
		SolutionGuid = {4326A201-B711-4366-9EBD-8392CE2C5146}
	EndGlobalSection
EndGlobal
