
Microsoft Visual Studio Solution File, Format Version 12.00
# Blend for Visual Studio Version 16
VisualStudioVersion = 16.0.29424.173
MinimumVisualStudioVersion = 10.0.40219.1
Project("{FAE04EC0-301F-11D3-BF4B-00C04F79EFBC}") = "WpfApp1", "WpfApp1\WpfApp1.csproj", "{9249F2E4-8796-4821-BBD6-C8268C53AC4D}"
EndProject
Global
	GlobalSection(SolutionConfigurationPlatforms) = preSolution
		Debug|Any CPU = Debug|Any CPU
		Release|Any CPU = Release|Any CPU
	EndGlobalSection
	GlobalSection(ProjectConfigurationPlatforms) = postSolution
		{9249F2E4-8796-4821-BBD6-C8268C53AC4D}.Debug|Any CPU.ActiveCfg = Debug|Any CPU
		{9249F2E4-8796-4821-BBD6-C8268C53AC4D}.Debug|Any CPU.Build.0 = Debug|Any CPU
		{9249F2E4-8796-4821-BBD6-C8268C53AC4D}.Release|Any CPU.ActiveCfg = Release|Any CPU
		{9249F2E4-8796-4821-BBD6-C8268C53AC4D}.Release|Any CPU.Build.0 = Release|Any CPU
	EndGlobalSection
	GlobalSection(SolutionProperties) = preSolution
		HideSolutionNode = FALSE
	EndGlobalSection
	GlobalSection(ExtensibilityGlobals) = postSolution
		SolutionGuid = {2607DFED-0FF5-431F-AE3F-05A79E2ECA52}
	EndGlobalSection
EndGlobal
