
Microsoft Visual Studio Solution File, Format Version 12.00
# Visual Studio Version 16
VisualStudioVersion = 16.0.29306.81
MinimumVisualStudioVersion = 10.0.40219.1
Project("{FAE04EC0-301F-11D3-BF4B-00C04F79EFBC}") = "NoDumbQuestionsPage265", "NoDumbQuestionsPage265\NoDumbQuestionsPage265.csproj", "{D6B38E9B-F5CE-4AFC-BE40-FBC38E6AFA8A}"
EndProject
Global
	GlobalSection(SolutionConfigurationPlatforms) = preSolution
		Debug|Any CPU = Debug|Any CPU
		Release|Any CPU = Release|Any CPU
	EndGlobalSection
	GlobalSection(ProjectConfigurationPlatforms) = postSolution
		{D6B38E9B-F5CE-4AFC-BE40-FBC38E6AFA8A}.Debug|Any CPU.ActiveCfg = Debug|Any CPU
		{D6B38E9B-F5CE-4AFC-BE40-FBC38E6AFA8A}.Debug|Any CPU.Build.0 = Debug|Any CPU
		{D6B38E9B-F5CE-4AFC-BE40-FBC38E6AFA8A}.Release|Any CPU.ActiveCfg = Release|Any CPU
		{D6B38E9B-F5CE-4AFC-BE40-FBC38E6AFA8A}.Release|Any CPU.Build.0 = Release|Any CPU
	EndGlobalSection
	GlobalSection(SolutionProperties) = preSolution
		HideSolutionNode = FALSE
	EndGlobalSection
	GlobalSection(ExtensibilityGlobals) = postSolution
		SolutionGuid = {0A2AAE13-A728-46C6-813F-07189A6FC5AE}
	EndGlobalSection
EndGlobal
