
Microsoft Visual Studio Solution File, Format Version 12.00
# Visual Studio Version 16
VisualStudioVersion = 16.0.29306.81
MinimumVisualStudioVersion = 10.0.40219.1
Project("{FAE04EC0-301F-11D3-BF4B-00C04F79EFBC}") = "DoThisPage300", "DoThisPage300\DoThisPage300.csproj", "{F01470F2-7044-4A59-B0A4-4FDD6169431A}"
EndProject
Global
	GlobalSection(SolutionConfigurationPlatforms) = preSolution
		Debug|Any CPU = Debug|Any CPU
		Release|Any CPU = Release|Any CPU
	EndGlobalSection
	GlobalSection(ProjectConfigurationPlatforms) = postSolution
		{F01470F2-7044-4A59-B0A4-4FDD6169431A}.Debug|Any CPU.ActiveCfg = Debug|Any CPU
		{F01470F2-7044-4A59-B0A4-4FDD6169431A}.Debug|Any CPU.Build.0 = Debug|Any CPU
		{F01470F2-7044-4A59-B0A4-4FDD6169431A}.Release|Any CPU.ActiveCfg = Release|Any CPU
		{F01470F2-7044-4A59-B0A4-4FDD6169431A}.Release|Any CPU.Build.0 = Release|Any CPU
	EndGlobalSection
	GlobalSection(SolutionProperties) = preSolution
		HideSolutionNode = FALSE
	EndGlobalSection
	GlobalSection(ExtensibilityGlobals) = postSolution
		SolutionGuid = {DFC53540-8BD4-43F8-B0A0-05019E243FC0}
	EndGlobalSection
EndGlobal
