
Microsoft Visual Studio Solution File, Format Version 12.00
# Visual Studio Version 16
VisualStudioVersion = 16.0.29424.173
MinimumVisualStudioVersion = 10.0.40219.1
Project("{FAE04EC0-301F-11D3-BF4B-00C04F79EFBC}") = "OverloadExercisePage381", "OverloadExercisePage381\OverloadExercisePage381.csproj", "{16F0C3C8-5768-445E-BF79-097A6A6DB769}"
EndProject
Global
	GlobalSection(SolutionConfigurationPlatforms) = preSolution
		Debug|Any CPU = Debug|Any CPU
		Release|Any CPU = Release|Any CPU
	EndGlobalSection
	GlobalSection(ProjectConfigurationPlatforms) = postSolution
		{16F0C3C8-5768-445E-BF79-097A6A6DB769}.Debug|Any CPU.ActiveCfg = Debug|Any CPU
		{16F0C3C8-5768-445E-BF79-097A6A6DB769}.Debug|Any CPU.Build.0 = Debug|Any CPU
		{16F0C3C8-5768-445E-BF79-097A6A6DB769}.Release|Any CPU.ActiveCfg = Release|Any CPU
		{16F0C3C8-5768-445E-BF79-097A6A6DB769}.Release|Any CPU.Build.0 = Release|Any CPU
	EndGlobalSection
	GlobalSection(SolutionProperties) = preSolution
		HideSolutionNode = FALSE
	EndGlobalSection
	GlobalSection(ExtensibilityGlobals) = postSolution
		SolutionGuid = {C5062C27-47A3-42E5-9560-82744B125880}
	EndGlobalSection
EndGlobal
