
Microsoft Visual Studio Solution File, Format Version 12.00
# Visual Studio Version 16
VisualStudioVersion = 16.0.29424.173
MinimumVisualStudioVersion = 10.0.40219.1
Project("{9A19103F-16F7-4668-BE54-9A1E7A4F7556}") = "WindowsFormsApp1", "WindowsFormsApp1\WindowsFormsApp1.csproj", "{190A84EC-71E1-4584-A84C-283F26422420}"
EndProject
Global
	GlobalSection(SolutionConfigurationPlatforms) = preSolution
		Debug|Any CPU = Debug|Any CPU
		Release|Any CPU = Release|Any CPU
	EndGlobalSection
	GlobalSection(ProjectConfigurationPlatforms) = postSolution
		{190A84EC-71E1-4584-A84C-283F26422420}.Debug|Any CPU.ActiveCfg = Debug|Any CPU
		{190A84EC-71E1-4584-A84C-283F26422420}.Debug|Any CPU.Build.0 = Debug|Any CPU
		{190A84EC-71E1-4584-A84C-283F26422420}.Release|Any CPU.ActiveCfg = Release|Any CPU
		{190A84EC-71E1-4584-A84C-283F26422420}.Release|Any CPU.Build.0 = Release|Any CPU
	EndGlobalSection
	GlobalSection(SolutionProperties) = preSolution
		HideSolutionNode = FALSE
	EndGlobalSection
	GlobalSection(ExtensibilityGlobals) = postSolution
		SolutionGuid = {CD0FB0DA-32B3-46A6-A376-A28BDE4A0951}
	EndGlobalSection
EndGlobal
