
Microsoft Visual Studio Solution File, Format Version 12.00
# Visual Studio Version 16
VisualStudioVersion = 16.0.29306.81
MinimumVisualStudioVersion = 10.0.40219.1
Project("{FAE04EC0-301F-11D3-BF4B-00C04F79EFBC}") = "GuysAppPage129", "GuysAppPage129\GuysAppPage129.csproj", "{F2E538C6-8628-4D46-A9F6-72D0E5748C7E}"
EndProject
Global
	GlobalSection(SolutionConfigurationPlatforms) = preSolution
		Debug|Any CPU = Debug|Any CPU
		Release|Any CPU = Release|Any CPU
	EndGlobalSection
	GlobalSection(ProjectConfigurationPlatforms) = postSolution
		{F2E538C6-8628-4D46-A9F6-72D0E5748C7E}.Debug|Any CPU.ActiveCfg = Debug|Any CPU
		{F2E538C6-8628-4D46-A9F6-72D0E5748C7E}.Debug|Any CPU.Build.0 = Debug|Any CPU
		{F2E538C6-8628-4D46-A9F6-72D0E5748C7E}.Release|Any CPU.ActiveCfg = Release|Any CPU
		{F2E538C6-8628-4D46-A9F6-72D0E5748C7E}.Release|Any CPU.Build.0 = Release|Any CPU
	EndGlobalSection
	GlobalSection(SolutionProperties) = preSolution
		HideSolutionNode = FALSE
	EndGlobalSection
	GlobalSection(ExtensibilityGlobals) = postSolution
		SolutionGuid = {F41BD556-34A6-491E-9580-3039FB0D8B0C}
	EndGlobalSection
EndGlobal
