
Microsoft Visual Studio Solution File, Format Version 12.00
# Visual Studio Version 16
VisualStudioVersion = 16.0.29424.173
MinimumVisualStudioVersion = 10.0.40219.1
Project("{FAE04EC0-301F-11D3-BF4B-00C04F79EFBC}") = "DuckProjectPage369", "DuckProjectPage369\DuckProjectPage369.csproj", "{FC0C7CD3-8729-4E0A-9BBE-F88D8695009C}"
EndProject
Global
	GlobalSection(SolutionConfigurationPlatforms) = preSolution
		Debug|Any CPU = Debug|Any CPU
		Release|Any CPU = Release|Any CPU
	EndGlobalSection
	GlobalSection(ProjectConfigurationPlatforms) = postSolution
		{FC0C7CD3-8729-4E0A-9BBE-F88D8695009C}.Debug|Any CPU.ActiveCfg = Debug|Any CPU
		{FC0C7CD3-8729-4E0A-9BBE-F88D8695009C}.Debug|Any CPU.Build.0 = Debug|Any CPU
		{FC0C7CD3-8729-4E0A-9BBE-F88D8695009C}.Release|Any CPU.ActiveCfg = Release|Any CPU
		{FC0C7CD3-8729-4E0A-9BBE-F88D8695009C}.Release|Any CPU.Build.0 = Release|Any CPU
	EndGlobalSection
	GlobalSection(SolutionProperties) = preSolution
		HideSolutionNode = FALSE
	EndGlobalSection
	GlobalSection(ExtensibilityGlobals) = postSolution
		SolutionGuid = {187CA2DD-5385-4FC2-9D96-3D46FC5BA301}
	EndGlobalSection
EndGlobal
