
Microsoft Visual Studio Solution File, Format Version 12.00
# Visual Studio Version 16
VisualStudioVersion = 16.0.29424.173
MinimumVisualStudioVersion = 10.0.40219.1
Project("{FAE04EC0-301F-11D3-BF4B-00C04F79EFBC}") = "PracticeUsingIfElse-WPF", "PracticeUsingIfElse-WPF\PracticeUsingIfElse-WPF.csproj", "{2B792A9D-69A2-4168-B375-62B4DD1F5D6B}"
EndProject
Global
	GlobalSection(SolutionConfigurationPlatforms) = preSolution
		Debug|Any CPU = Debug|Any CPU
		Release|Any CPU = Release|Any CPU
	EndGlobalSection
	GlobalSection(ProjectConfigurationPlatforms) = postSolution
		{2B792A9D-69A2-4168-B375-62B4DD1F5D6B}.Debug|Any CPU.ActiveCfg = Debug|Any CPU
		{2B792A9D-69A2-4168-B375-62B4DD1F5D6B}.Debug|Any CPU.Build.0 = Debug|Any CPU
		{2B792A9D-69A2-4168-B375-62B4DD1F5D6B}.Release|Any CPU.ActiveCfg = Release|Any CPU
		{2B792A9D-69A2-4168-B375-62B4DD1F5D6B}.Release|Any CPU.Build.0 = Release|Any CPU
	EndGlobalSection
	GlobalSection(SolutionProperties) = preSolution
		HideSolutionNode = FALSE
	EndGlobalSection
	GlobalSection(ExtensibilityGlobals) = postSolution
		SolutionGuid = {927FB346-C2FA-4ED1-951A-FA830104D662}
	EndGlobalSection
EndGlobal
