
Microsoft Visual Studio Solution File, Format Version 12.00
# Visual Studio Version 16
VisualStudioVersion = 16.0.29424.173
MinimumVisualStudioVersion = 10.0.40219.1
Project("{FAE04EC0-301F-11D3-BF4B-00C04F79EFBC}") = "CodeMagnetsPage365", "CodeMagnetsPage365\CodeMagnetsPage365.csproj", "{0517FC18-7A46-4A3E-A4D5-897E28198E33}"
EndProject
Global
	GlobalSection(SolutionConfigurationPlatforms) = preSolution
		Debug|Any CPU = Debug|Any CPU
		Release|Any CPU = Release|Any CPU
	EndGlobalSection
	GlobalSection(ProjectConfigurationPlatforms) = postSolution
		{0517FC18-7A46-4A3E-A4D5-897E28198E33}.Debug|Any CPU.ActiveCfg = Debug|Any CPU
		{0517FC18-7A46-4A3E-A4D5-897E28198E33}.Debug|Any CPU.Build.0 = Debug|Any CPU
		{0517FC18-7A46-4A3E-A4D5-897E28198E33}.Release|Any CPU.ActiveCfg = Release|Any CPU
		{0517FC18-7A46-4A3E-A4D5-897E28198E33}.Release|Any CPU.Build.0 = Release|Any CPU
	EndGlobalSection
	GlobalSection(SolutionProperties) = preSolution
		HideSolutionNode = FALSE
	EndGlobalSection
	GlobalSection(ExtensibilityGlobals) = postSolution
		SolutionGuid = {20863960-84BE-42A9-8837-B3DCFEB2418A}
	EndGlobalSection
EndGlobal
