
Microsoft Visual Studio Solution File, Format Version 12.00
# Visual Studio Version 16
VisualStudioVersion = 16.0.29424.173
MinimumVisualStudioVersion = 10.0.40219.1
Project("{FAE04EC0-301F-11D3-BF4B-00C04F79EFBC}") = "LINQMagnets", "LINQMagnets\LINQMagnets.csproj", "{EEFC0FD1-9F37-4683-9EA4-52966DE7851A}"
EndProject
Global
	GlobalSection(SolutionConfigurationPlatforms) = preSolution
		Debug|Any CPU = Debug|Any CPU
		Release|Any CPU = Release|Any CPU
	EndGlobalSection
	GlobalSection(ProjectConfigurationPlatforms) = postSolution
		{EEFC0FD1-9F37-4683-9EA4-52966DE7851A}.Debug|Any CPU.ActiveCfg = Debug|Any CPU
		{EEFC0FD1-9F37-4683-9EA4-52966DE7851A}.Debug|Any CPU.Build.0 = Debug|Any CPU
		{EEFC0FD1-9F37-4683-9EA4-52966DE7851A}.Release|Any CPU.ActiveCfg = Release|Any CPU
		{EEFC0FD1-9F37-4683-9EA4-52966DE7851A}.Release|Any CPU.Build.0 = Release|Any CPU
	EndGlobalSection
	GlobalSection(SolutionProperties) = preSolution
		HideSolutionNode = FALSE
	EndGlobalSection
	GlobalSection(ExtensibilityGlobals) = postSolution
		SolutionGuid = {95A67AF5-24BC-40CE-8F18-B26709F9FEF6}
	EndGlobalSection
EndGlobal
