
Microsoft Visual Studio Solution File, Format Version 12.00
# Visual Studio Version 16
VisualStudioVersion = 16.0.29306.81
MinimumVisualStudioVersion = 10.0.40219.1
Project("{FAE04EC0-301F-11D3-BF4B-00C04F79EFBC}") = "SloppyJoes", "SloppyJoes\SloppyJoes.csproj", "{30802939-CA7E-45E6-ABD6-592762784C23}"
EndProject
Global
	GlobalSection(SolutionConfigurationPlatforms) = preSolution
		Debug|Any CPU = Debug|Any CPU
		Release|Any CPU = Release|Any CPU
	EndGlobalSection
	GlobalSection(ProjectConfigurationPlatforms) = postSolution
		{30802939-CA7E-45E6-ABD6-592762784C23}.Debug|Any CPU.ActiveCfg = Debug|Any CPU
		{30802939-CA7E-45E6-ABD6-592762784C23}.Debug|Any CPU.Build.0 = Debug|Any CPU
		{30802939-CA7E-45E6-ABD6-592762784C23}.Release|Any CPU.ActiveCfg = Release|Any CPU
		{30802939-CA7E-45E6-ABD6-592762784C23}.Release|Any CPU.Build.0 = Release|Any CPU
	EndGlobalSection
	GlobalSection(SolutionProperties) = preSolution
		HideSolutionNode = FALSE
	EndGlobalSection
	GlobalSection(ExtensibilityGlobals) = postSolution
		SolutionGuid = {C9F4BDC4-FDF4-4FF7-AD82-F1A4F995D696}
	EndGlobalSection
EndGlobal
