
Microsoft Visual Studio Solution File, Format Version 12.00
# Visual Studio Version 16
VisualStudioVersion = 16.0.29306.81
MinimumVisualStudioVersion = 10.0.40219.1
Project("{FAE04EC0-301F-11D3-BF4B-00C04F79EFBC}") = "DoThisPage299", "DoThisPage299\DoThisPage299.csproj", "{A7F9EDE8-9A0D-4422-B2B9-2D03FE1AAC54}"
EndProject
Global
	GlobalSection(SolutionConfigurationPlatforms) = preSolution
		Debug|Any CPU = Debug|Any CPU
		Release|Any CPU = Release|Any CPU
	EndGlobalSection
	GlobalSection(ProjectConfigurationPlatforms) = postSolution
		{A7F9EDE8-9A0D-4422-B2B9-2D03FE1AAC54}.Debug|Any CPU.ActiveCfg = Debug|Any CPU
		{A7F9EDE8-9A0D-4422-B2B9-2D03FE1AAC54}.Debug|Any CPU.Build.0 = Debug|Any CPU
		{A7F9EDE8-9A0D-4422-B2B9-2D03FE1AAC54}.Release|Any CPU.ActiveCfg = Release|Any CPU
		{A7F9EDE8-9A0D-4422-B2B9-2D03FE1AAC54}.Release|Any CPU.Build.0 = Release|Any CPU
	EndGlobalSection
	GlobalSection(SolutionProperties) = preSolution
		HideSolutionNode = FALSE
	EndGlobalSection
	GlobalSection(ExtensibilityGlobals) = postSolution
		SolutionGuid = {9A1209E9-2056-4004-A31A-4DA412FE9129}
	EndGlobalSection
EndGlobal
