
Microsoft Visual Studio Solution File, Format Version 12.00
# Visual Studio Version 16
VisualStudioVersion = 16.0.29306.81
MinimumVisualStudioVersion = 10.0.40219.1
Project("{FAE04EC0-301F-11D3-BF4B-00C04F79EFBC}") = "Party Planner 3.0", "Party Planner 3.0\Party Planner 3.0.csproj", "{B507297D-6E65-4D51-9D90-9630FA59DE54}"
EndProject
Global
	GlobalSection(SolutionConfigurationPlatforms) = preSolution
		Debug|Any CPU = Debug|Any CPU
		Release|Any CPU = Release|Any CPU
	EndGlobalSection
	GlobalSection(ProjectConfigurationPlatforms) = postSolution
		{B507297D-6E65-4D51-9D90-9630FA59DE54}.Debug|Any CPU.ActiveCfg = Debug|Any CPU
		{B507297D-6E65-4D51-9D90-9630FA59DE54}.Debug|Any CPU.Build.0 = Debug|Any CPU
		{B507297D-6E65-4D51-9D90-9630FA59DE54}.Release|Any CPU.ActiveCfg = Release|Any CPU
		{B507297D-6E65-4D51-9D90-9630FA59DE54}.Release|Any CPU.Build.0 = Release|Any CPU
	EndGlobalSection
	GlobalSection(SolutionProperties) = preSolution
		HideSolutionNode = FALSE
	EndGlobalSection
	GlobalSection(ExtensibilityGlobals) = postSolution
		SolutionGuid = {04199973-79C6-45EA-9AE1-6864F1BD66FD}
	EndGlobalSection
EndGlobal
