
Microsoft Visual Studio Solution File, Format Version 12.00
# Visual Studio Version 16
VisualStudioVersion = 16.0.29306.81
MinimumVisualStudioVersion = 10.0.40219.1
Project("{FAE04EC0-301F-11D3-BF4B-00C04F79EFBC}") = "PoolPuzzlePage127", "PoolPuzzlePage127\PoolPuzzlePage127.csproj", "{A0C79B9D-B4D4-477B-B122-B2723379B516}"
EndProject
Global
	GlobalSection(SolutionConfigurationPlatforms) = preSolution
		Debug|Any CPU = Debug|Any CPU
		Release|Any CPU = Release|Any CPU
	EndGlobalSection
	GlobalSection(ProjectConfigurationPlatforms) = postSolution
		{A0C79B9D-B4D4-477B-B122-B2723379B516}.Debug|Any CPU.ActiveCfg = Debug|Any CPU
		{A0C79B9D-B4D4-477B-B122-B2723379B516}.Debug|Any CPU.Build.0 = Debug|Any CPU
		{A0C79B9D-B4D4-477B-B122-B2723379B516}.Release|Any CPU.ActiveCfg = Release|Any CPU
		{A0C79B9D-B4D4-477B-B122-B2723379B516}.Release|Any CPU.Build.0 = Release|Any CPU
	EndGlobalSection
	GlobalSection(SolutionProperties) = preSolution
		HideSolutionNode = FALSE
	EndGlobalSection
	GlobalSection(ExtensibilityGlobals) = postSolution
		SolutionGuid = {482CB986-DE8B-4EB8-87F6-A99EA4AF9E32}
	EndGlobalSection
EndGlobal
