
Microsoft Visual Studio Solution File, Format Version 12.00
# Visual Studio Version 16
VisualStudioVersion = 16.0.29424.173
MinimumVisualStudioVersion = 10.0.40219.1
Project("{FAE04EC0-301F-11D3-BF4B-00C04F79EFBC}") = "Baseball Simulator", "Baseball Simulator\Baseball Simulator.csproj", "{EB753420-3B03-475B-888B-1387BD3C3B79}"
EndProject
Global
	GlobalSection(SolutionConfigurationPlatforms) = preSolution
		Debug|Any CPU = Debug|Any CPU
		Release|Any CPU = Release|Any CPU
	EndGlobalSection
	GlobalSection(ProjectConfigurationPlatforms) = postSolution
		{EB753420-3B03-475B-888B-1387BD3C3B79}.Debug|Any CPU.ActiveCfg = Debug|Any CPU
		{EB753420-3B03-475B-888B-1387BD3C3B79}.Debug|Any CPU.Build.0 = Debug|Any CPU
		{EB753420-3B03-475B-888B-1387BD3C3B79}.Release|Any CPU.ActiveCfg = Release|Any CPU
		{EB753420-3B03-475B-888B-1387BD3C3B79}.Release|Any CPU.Build.0 = Release|Any CPU
	EndGlobalSection
	GlobalSection(SolutionProperties) = preSolution
		HideSolutionNode = FALSE
	EndGlobalSection
	GlobalSection(ExtensibilityGlobals) = postSolution
		SolutionGuid = {1E16939B-4129-49A7-8EEA-53285C7F1A9F}
	EndGlobalSection
EndGlobal
